# THIS IS AN AUTOGENERATED FILE. DO NOT EDIT THIS FILE DIRECTLY.
# yarn lockfile v1


clone@~2.1.0:
  version "2.1.1"
  resolved "https://registry.yarnpkg.com/clone/-/clone-2.1.1.tgz#d217d1e961118e3ac9a4b8bba3285553bf647cdb"
  integrity sha1-0hfR6WERjjrJpLi7oyhVU79kfNs=

css-in-js-utils@^3.0.0:
  version "3.0.0"
  resolved "https://registry.yarnpkg.com/css-in-js-utils/-/css-in-js-utils-3.0.0.tgz#4379185f5cc79f9eba39b4e795c317f253ffaa40"
  integrity sha512-FSdC7hZIeSmEPANOZB/VHHeaYh+MiNvqLRP7MWVck6MQs2B5KHH3XmMU9Asb/6BdwDp+JTt1q+cGgSBCuFU1GQ==
  dependencies:
    hyphenate-style-name "^1.0.2"

csslint@^1.0.5:
  version "1.0.5"
  resolved "https://registry.yarnpkg.com/csslint/-/csslint-1.0.5.tgz#19cc3eda322160fd3f7232af1cb2a360e898a2e9"
  integrity sha1-Gcw+2jIhYP0/cjKvHLKjYOiYouk=
  dependencies:
    clone "~2.1.0"
    parserlib "~1.1.1"

hyphenate-style-name@^1.0.2:
  version "1.0.2"
  resolved "https://registry.yarnpkg.com/hyphenate-style-name/-/hyphenate-style-name-1.0.2.tgz#31160a36930adaf1fc04c6074f7eb41465d4ec4b"
  integrity sha1-MRYKNpMK2vH8BMYHT360FGXU7Es=

isobject@^3.0.1:
  version "3.0.1"
  resolved "https://registry.yarnpkg.com/isobject/-/isobject-3.0.1.tgz#4e431e92b11a9731636aa1f9c8d1ccbcfdab78df"
  integrity sha1-TkMekrEalzFjaqH5yNHMvP2reN8=

parserlib@~1.1.1:
  version "1.1.1"
  resolved "https://registry.yarnpkg.com/parserlib/-/parserlib-1.1.1.tgz#a64cfa724062434fdfc351c9a4ec2d92b94c06f4"
  integrity sha1-pkz6ckBiQ0/fw1HJpOwtkrlMBvQ=
